
Microsoft Visual Studio Solution File, Format Version 12.00
Project("{FAE04EC0-301F-11D3-BF4B-00C04F79EFBC}") = "GDTask-8", "GDTask-8\GDTask-8.csproj", "{220F5311-0C2E-4D8A-803E-5B4F87B9E4AA}"
EndProject
Global
	GlobalSection(SolutionConfigurationPlatforms) = preSolution
		Debug|Any CPU = Debug|Any CPU
		Release|Any CPU = Release|Any CPU
	EndGlobalSection
	GlobalSection(ProjectConfigurationPlatforms) = postSolution
		{220F5311-0C2E-4D8A-803E-5B4F87B9E4AA}.Debug|Any CPU.ActiveCfg = Debug|Any CPU
		{220F5311-0C2E-4D8A-803E-5B4F87B9E4AA}.Debug|Any CPU.Build.0 = Debug|Any CPU
		{220F5311-0C2E-4D8A-803E-5B4F87B9E4AA}.Release|Any CPU.ActiveCfg = Release|Any CPU
		{220F5311-0C2E-4D8A-803E-5B4F87B9E4AA}.Release|Any CPU.Build.0 = Release|Any CPU
	EndGlobalSection
EndGlobal
